
Microsoft Visual Studio Solution File, Format Version 12.00
# Visual Studio 15
VisualStudioVersion = 15.0.28010.2016
MinimumVisualStudioVersion = 10.0.40219.1
Project("{9A19103F-16F7-4668-BE54-9A1E7A4F7556}") = "CategoryProblem", "CategoryProblem\CategoryProblem.csproj", "{60FCE359-9FF3-41C6-9386-EA8B59AF98EE}"
EndProject
Project("{9A19103F-16F7-4668-BE54-9A1E7A4F7556}") = "CategoryProblem.Tests", "CategoryProblem.Tests\CategoryProblem.Tests.csproj", "{B8ADDA9E-BFC3-41B4-AF2C-260AA4A60119}"
EndProject
Global
	GlobalSection(SolutionConfigurationPlatforms) = preSolution
		Debug|Any CPU = Debug|Any CPU
		Release|Any CPU = Release|Any CPU
	EndGlobalSection
	GlobalSection(ProjectConfigurationPlatforms) = postSolution
		{60FCE359-9FF3-41C6-9386-EA8B59AF98EE}.Debug|Any CPU.ActiveCfg = Debug|Any CPU
		{60FCE359-9FF3-41C6-9386-EA8B59AF98EE}.Debug|Any CPU.Build.0 = Debug|Any CPU
		{60FCE359-9FF3-41C6-9386-EA8B59AF98EE}.Release|Any CPU.ActiveCfg = Release|Any CPU
		{60FCE359-9FF3-41C6-9386-EA8B59AF98EE}.Release|Any CPU.Build.0 = Release|Any CPU
		{B8ADDA9E-BFC3-41B4-AF2C-260AA4A60119}.Debug|Any CPU.ActiveCfg = Debug|Any CPU
		{B8ADDA9E-BFC3-41B4-AF2C-260AA4A60119}.Debug|Any CPU.Build.0 = Debug|Any CPU
		{B8ADDA9E-BFC3-41B4-AF2C-260AA4A60119}.Release|Any CPU.ActiveCfg = Release|Any CPU
		{B8ADDA9E-BFC3-41B4-AF2C-260AA4A60119}.Release|Any CPU.Build.0 = Release|Any CPU
	EndGlobalSection
	GlobalSection(SolutionProperties) = preSolution
		HideSolutionNode = FALSE
	EndGlobalSection
	GlobalSection(ExtensibilityGlobals) = postSolution
		SolutionGuid = {59C3CADF-721E-412C-8984-5A02E4BCF080}
	EndGlobalSection
EndGlobal
